// !$*UTF8*$!
{
	archiveVersion = 1;
	classes = {
	};
	objectVersion = 48;
	objects = {

/* Begin PBXBuildFile section */
		54F137DD1FE302CD00EA22AA /* AppDelegate.swift in Sources */ = {isa = PBXBuildFile; fileRef = 54F137DC1FE302CD00EA22AA /* AppDelegate.swift */; };
		54F137DF1FE302CD00EA22AA /* SettingsViewController.swift in Sources */ = {isa = PBXBuildFile; fileRef = 54F137DE1FE302CD00EA22AA /* SettingsViewController.swift */; };
		54F137E21FE302CD00EA22AA /* Main.storyboard in Resources */ = {isa = PBXBuildFile; fileRef = 54F137E01FE302CD00EA22AA /* Main.storyboard */; };
		54F137E41FE302CE00EA22AA /* Assets.xcassets in Resources */ = {isa = PBXBuildFile; fileRef = 54F137E31FE302CE00EA22AA /* Assets.xcassets */; };
		54F137E71FE302CE00EA22AA /* LaunchScreen.storyboard in Resources */ = {isa = PBXBuildFile; fileRef = 54F137E51FE302CE00EA22AA /* LaunchScreen.storyboard */; };
		813A7FD91FE9D5D4008D7D10 /* BookDataStore.swift in Sources */ = {isa = PBXBuildFile; fileRef = 813A7FD81FE9D5D4008D7D10 /* BookDataStore.swift */; };
		819750681FFDA46100EBDF1D /* UserDefault.swift in Sources */ = {isa = PBXBuildFile; fileRef = 819750671FFDA46100EBDF1D /* UserDefault.swift */; };
		81D75C5E20A0DA8200C94A8D /* NYTimesBestSellerBooksUITests.swift in Sources */ = {isa = PBXBuildFile; fileRef = 81D75C5D20A0DA8200C94A8D /* NYTimesBestSellerBooksUITests.swift */; };
		81D75C6C20A0DAAA00C94A8D /* NYTimesBestSellerBooksTests.swift in Sources */ = {isa = PBXBuildFile; fileRef = 81D75C6B20A0DAAA00C94A8D /* NYTimesBestSellerBooksTests.swift */; };
		81E103251FE4BCDE00AFFAB1 /* CategoriesModel.swift in Sources */ = {isa = PBXBuildFile; fileRef = 81E103241FE4BCDE00AFFAB1 /* CategoriesModel.swift */; };
		81E200401FE59FB900C1570E /* NetworkHelper.swift in Sources */ = {isa = PBXBuildFile; fileRef = 81E2003F1FE59FB900C1570E /* NetworkHelper.swift */; };
		81E200421FE5A22700C1570E /* SettingsContentManager.swift in Sources */ = {isa = PBXBuildFile; fileRef = 81E200411FE5A22700C1570E /* SettingsContentManager.swift */; };
		81E200441FE5CEEB00C1570E /* BestSellerViewController.swift in Sources */ = {isa = PBXBuildFile; fileRef = 81E200431FE5CEEB00C1570E /* BestSellerViewController.swift */; };
		81E200461FE5CF0400C1570E /* BestSellerDetailViewController.swift in Sources */ = {isa = PBXBuildFile; fileRef = 81E200451FE5CF0400C1570E /* BestSellerDetailViewController.swift */; };
		81E200481FE5CF1400C1570E /* FavoriteViewController.swift in Sources */ = {isa = PBXBuildFile; fileRef = 81E200471FE5CF1400C1570E /* FavoriteViewController.swift */; };
		81E2004A1FE5D01200C1570E /* ImageAPIClient.swift in Sources */ = {isa = PBXBuildFile; fileRef = 81E200491FE5D01200C1570E /* ImageAPIClient.swift */; };
		81E2004C1FE5D21C00C1570E /* CollectionViewCell.swift in Sources */ = {isa = PBXBuildFile; fileRef = 81E2004B1FE5D21C00C1570E /* CollectionViewCell.swift */; };
		81E2004F1FE5E08600C1570E /* BestSellersModel.swift in Sources */ = {isa = PBXBuildFile; fileRef = 81E2004E1FE5E08600C1570E /* BestSellersModel.swift */; };
		81E200511FE5F04500C1570E /* GoogleBooksModel.swift in Sources */ = {isa = PBXBuildFile; fileRef = 81E200501FE5F04500C1570E /* GoogleBooksModel.swift */; };
		81E200531FE5F55200C1570E /* BestSellersContentManager.swift in Sources */ = {isa = PBXBuildFile; fileRef = 81E200521FE5F55200C1570E /* BestSellersContentManager.swift */; };
		81E200551FE5F5FE00C1570E /* BookDetailAPIClient.swift in Sources */ = {isa = PBXBuildFile; fileRef = 81E200541FE5F5FE00C1570E /* BookDetailAPIClient.swift */; };
		81E200571FE5F9CC00C1570E /* FavoriteModel.swift in Sources */ = {isa = PBXBuildFile; fileRef = 81E200561FE5F9CC00C1570E /* FavoriteModel.swift */; };
		81E2005B1FE5FF7C00C1570E /* FavoriteCollectionViewCell.swift in Sources */ = {isa = PBXBuildFile; fileRef = 81E2005A1FE5FF7C00C1570E /* FavoriteCollectionViewCell.swift */; };
		81E260DE1FEB802400708573 /* FavoriteDetailViewController.swift in Sources */ = {isa = PBXBuildFile; fileRef = 81E260DD1FEB802400708573 /* FavoriteDetailViewController.swift */; };
		DE6AFE50219F2B14001DCCC1 /* CategoriesViewModel.swift in Sources */ = {isa = PBXBuildFile; fileRef = DE6AFE4F219F2B14001DCCC1 /* CategoriesViewModel.swift */; };
		DE6AFE5221A3702A001DCCC1 /* Alert.swift in Sources */ = {isa = PBXBuildFile; fileRef = DE6AFE5121A3702A001DCCC1 /* Alert.swift */; };
		DE6AFE5421A46C7F001DCCC1 /* BestSellersViewModel.swift in Sources */ = {isa = PBXBuildFile; fileRef = DE6AFE5321A46C7F001DCCC1 /* BestSellersViewModel.swift */; };
/* End PBXBuildFile section */

/* Begin PBXContainerItemProxy section */
		81D75C6020A0DA8200C94A8D /* PBXContainerItemProxy */ = {
			isa = PBXContainerItemProxy;
			containerPortal = 54F137D11FE302CD00EA22AA /* Project object */;
			proxyType = 1;
			remoteGlobalIDString = 54F137D81FE302CD00EA22AA;
			remoteInfo = NYTimesBestSellerBooks;
		};
		81D75C6E20A0DAAA00C94A8D /* PBXContainerItemProxy */ = {
			isa = PBXContainerItemProxy;
			containerPortal = 54F137D11FE302CD00EA22AA /* Project object */;
			proxyType = 1;
			remoteGlobalIDString = 54F137D81FE302CD00EA22AA;
			remoteInfo = NYTimesBestSellerBooks;
		};
/* End PBXContainerItemProxy section */

/* Begin PBXFileReference section */
		54F137D91FE302CD00EA22AA /* NYTimesBestSellerBooks.app */ = {isa = PBXFileReference; explicitFileType = wrapper.application; includeInIndex = 0; path = NYTimesBestSellerBooks.app; sourceTree = BUILT_PRODUCTS_DIR; };
		54F137DC1FE302CD00EA22AA /* AppDelegate.swift */ = {isa = PBXFileReference; lastKnownFileType = sourcecode.swift; path = AppDelegate.swift; sourceTree = "<group>"; };
		54F137DE1FE302CD00EA22AA /* SettingsViewController.swift */ = {isa = PBXFileReference; lastKnownFileType = sourcecode.swift; path = SettingsViewController.swift; sourceTree = "<group>"; };
		54F137E11FE302CD00EA22AA /* Base */ = {isa = PBXFileReference; lastKnownFileType = file.storyboard; name = Base; path = Base.lproj/Main.storyboard; sourceTree = "<group>"; };
		54F137E31FE302CE00EA22AA /* Assets.xcassets */ = {isa = PBXFileReference; lastKnownFileType = folder.assetcatalog; path = Assets.xcassets; sourceTree = "<group>"; };
		54F137E61FE302CE00EA22AA /* Base */ = {isa = PBXFileReference; lastKnownFileType = file.storyboard; name = Base; path = Base.lproj/LaunchScreen.storyboard; sourceTree = "<group>"; };
		54F137E81FE302CE00EA22AA /* Info.plist */ = {isa = PBXFileReference; lastKnownFileType = text.plist.xml; path = Info.plist; sourceTree = "<group>"; };
		813A7FD81FE9D5D4008D7D10 /* BookDataStore.swift */ = {isa = PBXFileReference; lastKnownFileType = sourcecode.swift; path = BookDataStore.swift; sourceTree = "<group>"; };
		819750671FFDA46100EBDF1D /* UserDefault.swift */ = {isa = PBXFileReference; lastKnownFileType = sourcecode.swift; path = UserDefault.swift; sourceTree = "<group>"; };
		81D75C5B20A0DA8200C94A8D /* NYTimesBestSellerBooksUITests.xctest */ = {isa = PBXFileReference; explicitFileType = wrapper.cfbundle; includeInIndex = 0; path = NYTimesBestSellerBooksUITests.xctest; sourceTree = BUILT_PRODUCTS_DIR; };
		81D75C5D20A0DA8200C94A8D /* NYTimesBestSellerBooksUITests.swift */ = {isa = PBXFileReference; lastKnownFileType = sourcecode.swift; path = NYTimesBestSellerBooksUITests.swift; sourceTree = "<group>"; };
		81D75C5F20A0DA8200C94A8D /* Info.plist */ = {isa = PBXFileReference; lastKnownFileType = text.plist.xml; path = Info.plist; sourceTree = "<group>"; };
		81D75C6920A0DAAA00C94A8D /* NYTimesBestSellerBooksTests.xctest */ = {isa = PBXFileReference; explicitFileType = wrapper.cfbundle; includeInIndex = 0; path = NYTimesBestSellerBooksTests.xctest; sourceTree = BUILT_PRODUCTS_DIR; };
		81D75C6B20A0DAAA00C94A8D /* NYTimesBestSellerBooksTests.swift */ = {isa = PBXFileReference; lastKnownFileType = sourcecode.swift; path = NYTimesBestSellerBooksTests.swift; sourceTree = "<group>"; };
		81D75C6D20A0DAAA00C94A8D /* Info.plist */ = {isa = PBXFileReference; lastKnownFileType = text.plist.xml; path = Info.plist; sourceTree = "<group>"; };
		81E103241FE4BCDE00AFFAB1 /* CategoriesModel.swift */ = {isa = PBXFileReference; lastKnownFileType = sourcecode.swift; path = CategoriesModel.swift; sourceTree = "<group>"; };
		81E2003F1FE59FB900C1570E /* NetworkHelper.swift */ = {isa = PBXFileReference; lastKnownFileType = sourcecode.swift; path = NetworkHelper.swift; sourceTree = "<group>"; };
		81E200411FE5A22700C1570E /* SettingsContentManager.swift */ = {isa = PBXFileReference; lastKnownFileType = sourcecode.swift; path = SettingsContentManager.swift; sourceTree = "<group>"; };
		81E200431FE5CEEB00C1570E /* BestSellerViewController.swift */ = {isa = PBXFileReference; lastKnownFileType = sourcecode.swift; path = BestSellerViewController.swift; sourceTree = "<group>"; };
		81E200451FE5CF0400C1570E /* BestSellerDetailViewController.swift */ = {isa = PBXFileReference; lastKnownFileType = sourcecode.swift; path = BestSellerDetailViewController.swift; sourceTree = "<group>"; };
		81E200471FE5CF1400C1570E /* FavoriteViewController.swift */ = {isa = PBXFileReference; lastKnownFileType = sourcecode.swift; path = FavoriteViewController.swift; sourceTree = "<group>"; };
		81E200491FE5D01200C1570E /* ImageAPIClient.swift */ = {isa = PBXFileReference; lastKnownFileType = sourcecode.swift; path = ImageAPIClient.swift; sourceTree = "<group>"; };
		81E2004B1FE5D21C00C1570E /* CollectionViewCell.swift */ = {isa = PBXFileReference; lastKnownFileType = sourcecode.swift; path = CollectionViewCell.swift; sourceTree = "<group>"; };
		81E2004E1FE5E08600C1570E /* BestSellersModel.swift */ = {isa = PBXFileReference; lastKnownFileType = sourcecode.swift; path = BestSellersModel.swift; sourceTree = "<group>"; };
		81E200501FE5F04500C1570E /* GoogleBooksModel.swift */ = {isa = PBXFileReference; lastKnownFileType = sourcecode.swift; path = GoogleBooksModel.swift; sourceTree = "<group>"; };
		81E200521FE5F55200C1570E /* BestSellersContentManager.swift */ = {isa = PBXFileReference; lastKnownFileType = sourcecode.swift; path = BestSellersContentManager.swift; sourceTree = "<group>"; };
		81E200541FE5F5FE00C1570E /* BookDetailAPIClient.swift */ = {isa = PBXFileReference; lastKnownFileType = sourcecode.swift; path = BookDetailAPIClient.swift; sourceTree = "<group>"; };
		81E200561FE5F9CC00C1570E /* FavoriteModel.swift */ = {isa = PBXFileReference; lastKnownFileType = sourcecode.swift; path = FavoriteModel.swift; sourceTree = "<group>"; };
		81E2005A1FE5FF7C00C1570E /* FavoriteCollectionViewCell.swift */ = {isa = PBXFileReference; lastKnownFileType = sourcecode.swift; path = FavoriteCollectionViewCell.swift; sourceTree = "<group>"; };
		81E260DD1FEB802400708573 /* FavoriteDetailViewController.swift */ = {isa = PBXFileReference; lastKnownFileType = sourcecode.swift; path = FavoriteDetailViewController.swift; sourceTree = "<group>"; };
		DE6AFE4F219F2B14001DCCC1 /* CategoriesViewModel.swift */ = {isa = PBXFileReference; lastKnownFileType = sourcecode.swift; path = CategoriesViewModel.swift; sourceTree = "<group>"; };
		DE6AFE5121A3702A001DCCC1 /* Alert.swift */ = {isa = PBXFileReference; lastKnownFileType = sourcecode.swift; path = Alert.swift; sourceTree = "<group>"; };
		DE6AFE5321A46C7F001DCCC1 /* BestSellersViewModel.swift */ = {isa = PBXFileReference; lastKnownFileType = sourcecode.swift; path = BestSellersViewModel.swift; sourceTree = "<group>"; };
/* End PBXFileReference section */

/* Begin PBXFrameworksBuildPhase section */
		54F137D61FE302CD00EA22AA /* Frameworks */ = {
			isa = PBXFrameworksBuildPhase;
			buildActionMask = 2147483647;
			files = (
			);
			runOnlyForDeploymentPostprocessing = 0;
		};
		81D75C5820A0DA8200C94A8D /* Frameworks */ = {
			isa = PBXFrameworksBuildPhase;
			buildActionMask = 2147483647;
			files = (
			);
			runOnlyForDeploymentPostprocessing = 0;
		};
		81D75C6620A0DAAA00C94A8D /* Frameworks */ = {
			isa = PBXFrameworksBuildPhase;
			buildActionMask = 2147483647;
			files = (
			);
			runOnlyForDeploymentPostprocessing = 0;
		};
/* End PBXFrameworksBuildPhase section */

/* Begin PBXGroup section */
		54F137D01FE302CD00EA22AA = {
			isa = PBXGroup;
			children = (
				54F137DB1FE302CD00EA22AA /* NYTimesBestSellerBooks */,
				81D75C5C20A0DA8200C94A8D /* NYTimesBestSellerBooksUITests */,
				81D75C6A20A0DAAA00C94A8D /* NYTimesBestSellerBooksTests */,
				54F137DA1FE302CD00EA22AA /* Products */,
			);
			sourceTree = "<group>";
		};
		54F137DA1FE302CD00EA22AA /* Products */ = {
			isa = PBXGroup;
			children = (
				54F137D91FE302CD00EA22AA /* NYTimesBestSellerBooks.app */,
				81D75C5B20A0DA8200C94A8D /* NYTimesBestSellerBooksUITests.xctest */,
				81D75C6920A0DAAA00C94A8D /* NYTimesBestSellerBooksTests.xctest */,
			);
			name = Products;
			sourceTree = "<group>";
		};
		54F137DB1FE302CD00EA22AA /* NYTimesBestSellerBooks */ = {
			isa = PBXGroup;
			children = (
				54F137DC1FE302CD00EA22AA /* AppDelegate.swift */,
				81E2004D1FE5D22400C1570E /* Cell */,
				81E103271FE4BCEB00AFFAB1 /* ViewController */,
				54F137E01FE302CD00EA22AA /* Main.storyboard */,
				81E103261FE4BCE400AFFAB1 /* Models */,
				54F137E31FE302CE00EA22AA /* Assets.xcassets */,
				54F137E51FE302CE00EA22AA /* LaunchScreen.storyboard */,
				54F137E81FE302CE00EA22AA /* Info.plist */,
			);
			path = NYTimesBestSellerBooks;
			sourceTree = "<group>";
		};
		81D75C5C20A0DA8200C94A8D /* NYTimesBestSellerBooksUITests */ = {
			isa = PBXGroup;
			children = (
				81D75C5D20A0DA8200C94A8D /* NYTimesBestSellerBooksUITests.swift */,
				81D75C5F20A0DA8200C94A8D /* Info.plist */,
			);
			path = NYTimesBestSellerBooksUITests;
			sourceTree = "<group>";
		};
		81D75C6A20A0DAAA00C94A8D /* NYTimesBestSellerBooksTests */ = {
			isa = PBXGroup;
			children = (
				81D75C6B20A0DAAA00C94A8D /* NYTimesBestSellerBooksTests.swift */,
				81D75C6D20A0DAAA00C94A8D /* Info.plist */,
			);
			path = NYTimesBestSellerBooksTests;
			sourceTree = "<group>";
		};
		81E103261FE4BCE400AFFAB1 /* Models */ = {
			isa = PBXGroup;
			children = (
				819750671FFDA46100EBDF1D /* UserDefault.swift */,
				813A7FD81FE9D5D4008D7D10 /* BookDataStore.swift */,
				81E200561FE5F9CC00C1570E /* FavoriteModel.swift */,
				81E2003F1FE59FB900C1570E /* NetworkHelper.swift */,
				81E103241FE4BCDE00AFFAB1 /* CategoriesModel.swift */,
				DE6AFE4F219F2B14001DCCC1 /* CategoriesViewModel.swift */,
				DE6AFE5121A3702A001DCCC1 /* Alert.swift */,
				81E200411FE5A22700C1570E /* SettingsContentManager.swift */,
				81E2004E1FE5E08600C1570E /* BestSellersModel.swift */,
				DE6AFE5321A46C7F001DCCC1 /* BestSellersViewModel.swift */,
				81E200521FE5F55200C1570E /* BestSellersContentManager.swift */,
				81E200501FE5F04500C1570E /* GoogleBooksModel.swift */,
				81E200541FE5F5FE00C1570E /* BookDetailAPIClient.swift */,
				81E200491FE5D01200C1570E /* ImageAPIClient.swift */,
			);
			path = Models;
			sourceTree = "<group>";
		};
		81E103271FE4BCEB00AFFAB1 /* ViewController */ = {
			isa = PBXGroup;
			children = (
				54F137DE1FE302CD00EA22AA /* SettingsViewController.swift */,
				81E200471FE5CF1400C1570E /* FavoriteViewController.swift */,
				81E260DD1FEB802400708573 /* FavoriteDetailViewController.swift */,
				81E200431FE5CEEB00C1570E /* BestSellerViewController.swift */,
				81E200451FE5CF0400C1570E /* BestSellerDetailViewController.swift */,
			);
			path = ViewController;
			sourceTree = "<group>";
		};
		81E2004D1FE5D22400C1570E /* Cell */ = {
			isa = PBXGroup;
			children = (
				81E2004B1FE5D21C00C1570E /* CollectionViewCell.swift */,
				81E2005A1FE5FF7C00C1570E /* FavoriteCollectionViewCell.swift */,
			);
			path = Cell;
			sourceTree = "<group>";
		};
/* End PBXGroup section */

/* Begin PBXNativeTarget section */
		54F137D81FE302CD00EA22AA /* NYTimesBestSellerBooks */ = {
			isa = PBXNativeTarget;
			buildConfigurationList = 54F137EB1FE302CE00EA22AA /* Build configuration list for PBXNativeTarget "NYTimesBestSellerBooks" */;
			buildPhases = (
				54F137D51FE302CD00EA22AA /* Sources */,
				54F137D61FE302CD00EA22AA /* Frameworks */,
				54F137D71FE302CD00EA22AA /* Resources */,
			);
			buildRules = (
			);
			dependencies = (
			);
			name = NYTimesBestSellerBooks;
			productName = "AC-iOS-Unit4-Week1-HW";
			productReference = 54F137D91FE302CD00EA22AA /* NYTimesBestSellerBooks.app */;
			productType = "com.apple.product-type.application";
		};
		81D75C5A20A0DA8200C94A8D /* NYTimesBestSellerBooksUITests */ = {
			isa = PBXNativeTarget;
			buildConfigurationList = 81D75C6220A0DA8200C94A8D /* Build configuration list for PBXNativeTarget "NYTimesBestSellerBooksUITests" */;
			buildPhases = (
				81D75C5720A0DA8200C94A8D /* Sources */,
				81D75C5820A0DA8200C94A8D /* Frameworks */,
				81D75C5920A0DA8200C94A8D /* Resources */,
			);
			buildRules = (
			);
			dependencies = (
				81D75C6120A0DA8200C94A8D /* PBXTargetDependency */,
			);
			name = NYTimesBestSellerBooksUITests;
			productName = NYTimesBestSellerBooksUITests;
			productReference = 81D75C5B20A0DA8200C94A8D /* NYTimesBestSellerBooksUITests.xctest */;
			productType = "com.apple.product-type.bundle.ui-testing";
		};
		81D75C6820A0DAAA00C94A8D /* NYTimesBestSellerBooksTests */ = {
			isa = PBXNativeTarget;
			buildConfigurationList = 81D75C7020A0DAAA00C94A8D /* Build configuration list for PBXNativeTarget "NYTimesBestSellerBooksTests" */;
			buildPhases = (
				81D75C6520A0DAAA00C94A8D /* Sources */,
				81D75C6620A0DAAA00C94A8D /* Frameworks */,
				81D75C6720A0DAAA00C94A8D /* Resources */,
			);
			buildRules = (
			);
			dependencies = (
				81D75C6F20A0DAAA00C94A8D /* PBXTargetDependency */,
			);
			name = NYTimesBestSellerBooksTests;
			productName = NYTimesBestSellerBooksTests;
			productReference = 81D75C6920A0DAAA00C94A8D /* NYTimesBestSellerBooksTests.xctest */;
			productType = "com.apple.product-type.bundle.unit-test";
		};
/* End PBXNativeTarget section */

/* Begin PBXProject section */
		54F137D11FE302CD00EA22AA /* Project object */ = {
			isa = PBXProject;
			attributes = {
				LastSwiftUpdateCheck = 0930;
				LastUpgradeCheck = 0900;
				ORGANIZATIONNAME = "C4Q ";
				TargetAttributes = {
					54F137D81FE302CD00EA22AA = {
						CreatedOnToolsVersion = 9.0;
						ProvisioningStyle = Automatic;
					};
					81D75C5A20A0DA8200C94A8D = {
						CreatedOnToolsVersion = 9.3;
						ProvisioningStyle = Automatic;
						TestTargetID = 54F137D81FE302CD00EA22AA;
					};
					81D75C6820A0DAAA00C94A8D = {
						CreatedOnToolsVersion = 9.3;
						ProvisioningStyle = Automatic;
						TestTargetID = 54F137D81FE302CD00EA22AA;
					};
				};
			};
			buildConfigurationList = 54F137D41FE302CD00EA22AA /* Build configuration list for PBXProject "NYTimesBestSellerBooks" */;
			compatibilityVersion = "Xcode 8.0";
			developmentRegion = en;
			hasScannedForEncodings = 0;
			knownRegions = (
				en,
				Base,
			);
			mainGroup = 54F137D01FE302CD00EA22AA;
			productRefGroup = 54F137DA1FE302CD00EA22AA /* Products */;
			projectDirPath = "";
			projectRoot = "";
			targets = (
				54F137D81FE302CD00EA22AA /* NYTimesBestSellerBooks */,
				81D75C5A20A0DA8200C94A8D /* NYTimesBestSellerBooksUITests */,
				81D75C6820A0DAAA00C94A8D /* NYTimesBestSellerBooksTests */,
			);
		};
/* End PBXProject section */

/* Begin PBXResourcesBuildPhase section */
		54F137D71FE302CD00EA22AA /* Resources */ = {
			isa = PBXResourcesBuildPhase;
			buildActionMask = 2147483647;
			files = (
				54F137E71FE302CE00EA22AA /* LaunchScreen.storyboard in Resources */,
				54F137E41FE302CE00EA22AA /* Assets.xcassets in Resources */,
				54F137E21FE302CD00EA22AA /* Main.storyboard in Resources */,
			);
			runOnlyForDeploymentPostprocessing = 0;
		};
		81D75C5920A0DA8200C94A8D /* Resources */ = {
			isa = PBXResourcesBuildPhase;
			buildActionMask = 2147483647;
			files = (
			);
			runOnlyForDeploymentPostprocessing = 0;
		};
		81D75C6720A0DAAA00C94A8D /* Resources */ = {
			isa = PBXResourcesBuildPhase;
			buildActionMask = 2147483647;
			files = (
			);
			runOnlyForDeploymentPostprocessing = 0;
		};
/* End PBXResourcesBuildPhase section */

/* Begin PBXSourcesBuildPhase section */
		54F137D51FE302CD00EA22AA /* Sources */ = {
			isa = PBXSourcesBuildPhase;
			buildActionMask = 2147483647;
			files = (
				81E2004C1FE5D21C00C1570E /* CollectionViewCell.swift in Sources */,
				81E200461FE5CF0400C1570E /* BestSellerDetailViewController.swift in Sources */,
				81E200421FE5A22700C1570E /* SettingsContentManager.swift in Sources */,
				81E200441FE5CEEB00C1570E /* BestSellerViewController.swift in Sources */,
				81E260DE1FEB802400708573 /* FavoriteDetailViewController.swift in Sources */,
				81E200401FE59FB900C1570E /* NetworkHelper.swift in Sources */,
				DE6AFE5221A3702A001DCCC1 /* Alert.swift in Sources */,
				81E103251FE4BCDE00AFFAB1 /* CategoriesModel.swift in Sources */,
				81E2005B1FE5FF7C00C1570E /* FavoriteCollectionViewCell.swift in Sources */,
				813A7FD91FE9D5D4008D7D10 /* BookDataStore.swift in Sources */,
				81E200571FE5F9CC00C1570E /* FavoriteModel.swift in Sources */,
				DE6AFE50219F2B14001DCCC1 /* CategoriesViewModel.swift in Sources */,
				54F137DF1FE302CD00EA22AA /* SettingsViewController.swift in Sources */,
				DE6AFE5421A46C7F001DCCC1 /* BestSellersViewModel.swift in Sources */,
				819750681FFDA46100EBDF1D /* UserDefault.swift in Sources */,
				81E200531FE5F55200C1570E /* BestSellersContentManager.swift in Sources */,
				81E2004A1FE5D01200C1570E /* ImageAPIClient.swift in Sources */,
				81E2004F1FE5E08600C1570E /* BestSellersModel.swift in Sources */,
				81E200511FE5F04500C1570E /* GoogleBooksModel.swift in Sources */,
				81E200481FE5CF1400C1570E /* FavoriteViewController.swift in Sources */,
				54F137DD1FE302CD00EA22AA /* AppDelegate.swift in Sources */,
				81E200551FE5F5FE00C1570E /* BookDetailAPIClient.swift in Sources */,
			);
			runOnlyForDeploymentPostprocessing = 0;
		};
		81D75C5720A0DA8200C94A8D /* Sources */ = {
			isa = PBXSourcesBuildPhase;
			buildActionMask = 2147483647;
			files = (
				81D75C5E20A0DA8200C94A8D /* NYTimesBestSellerBooksUITests.swift in Sources */,
			);
			runOnlyForDeploymentPostprocessing = 0;
		};
		81D75C6520A0DAAA00C94A8D /* Sources */ = {
			isa = PBXSourcesBuildPhase;
			buildActionMask = 2147483647;
			files = (
				81D75C6C20A0DAAA00C94A8D /* NYTimesBestSellerBooksTests.swift in Sources */,
			);
			runOnlyForDeploymentPostprocessing = 0;
		};
/* End PBXSourcesBuildPhase section */

/* Begin PBXTargetDependency section */
		81D75C6120A0DA8200C94A8D /* PBXTargetDependency */ = {
			isa = PBXTargetDependency;
			target = 54F137D81FE302CD00EA22AA /* NYTimesBestSellerBooks */;
			targetProxy = 81D75C6020A0DA8200C94A8D /* PBXContainerItemProxy */;
		};
		81D75C6F20A0DAAA00C94A8D /* PBXTargetDependency */ = {
			isa = PBXTargetDependency;
			target = 54F137D81FE302CD00EA22AA /* NYTimesBestSellerBooks */;
			targetProxy = 81D75C6E20A0DAAA00C94A8D /* PBXContainerItemProxy */;
		};
/* End PBXTargetDependency section */

/* Begin PBXVariantGroup section */
		54F137E01FE302CD00EA22AA /* Main.storyboard */ = {
			isa = PBXVariantGroup;
			children = (
				54F137E11FE302CD00EA22AA /* Base */,
			);
			name = Main.storyboard;
			sourceTree = "<group>";
		};
		54F137E51FE302CE00EA22AA /* LaunchScreen.storyboard */ = {
			isa = PBXVariantGroup;
			children = (
				54F137E61FE302CE00EA22AA /* Base */,
			);
			name = LaunchScreen.storyboard;
			sourceTree = "<group>";
		};
/* End PBXVariantGroup section */

/* Begin XCBuildConfiguration section */
		54F137E91FE302CE00EA22AA /* Debug */ = {
			isa = XCBuildConfiguration;
			buildSettings = {
				ALWAYS_SEARCH_USER_PATHS = NO;
				CLANG_ANALYZER_NONNULL = YES;
				CLANG_ANALYZER_NUMBER_OBJECT_CONVERSION = YES_AGGRESSIVE;
				CLANG_CXX_LANGUAGE_STANDARD = "gnu++14";
				CLANG_CXX_LIBRARY = "libc++";
				CLANG_ENABLE_MODULES = YES;
				CLANG_ENABLE_OBJC_ARC = YES;
				CLANG_WARN_BLOCK_CAPTURE_AUTORELEASING = YES;
				CLANG_WARN_BOOL_CONVERSION = YES;
				CLANG_WARN_COMMA = YES;
				CLANG_WARN_CONSTANT_CONVERSION = YES;
				CLANG_WARN_DIRECT_OBJC_ISA_USAGE = YES_ERROR;
				CLANG_WARN_DOCUMENTATION_COMMENTS = YES;
				CLANG_WARN_EMPTY_BODY = YES;
				CLANG_WARN_ENUM_CONVERSION = YES;
				CLANG_WARN_INFINITE_RECURSION = YES;
				CLANG_WARN_INT_CONVERSION = YES;
				CLANG_WARN_NON_LITERAL_NULL_CONVERSION = YES;
				CLANG_WARN_OBJC_LITERAL_CONVERSION = YES;
				CLANG_WARN_OBJC_ROOT_CLASS = YES_ERROR;
				CLANG_WARN_RANGE_LOOP_ANALYSIS = YES;
				CLANG_WARN_STRICT_PROTOTYPES = YES;
				CLANG_WARN_SUSPICIOUS_MOVE = YES;
				CLANG_WARN_UNGUARDED_AVAILABILITY = YES_AGGRESSIVE;
				CLANG_WARN_UNREACHABLE_CODE = YES;
				CLANG_WARN__DUPLICATE_METHOD_MATCH = YES;
				CODE_SIGN_IDENTITY = "iPhone Developer";
				COPY_PHASE_STRIP = NO;
				DEBUG_INFORMATION_FORMAT = dwarf;
				ENABLE_STRICT_OBJC_MSGSEND = YES;
				ENABLE_TESTABILITY = YES;
				GCC_C_LANGUAGE_STANDARD = gnu11;
				GCC_DYNAMIC_NO_PIC = NO;
				GCC_NO_COMMON_BLOCKS = YES;
				GCC_OPTIMIZATION_LEVEL = 0;
				GCC_PREPROCESSOR_DEFINITIONS = (
					"DEBUG=1",
					"$(inherited)",
				);
				GCC_WARN_64_TO_32_BIT_CONVERSION = YES;
				GCC_WARN_ABOUT_RETURN_TYPE = YES_ERROR;
				GCC_WARN_UNDECLARED_SELECTOR = YES;
				GCC_WARN_UNINITIALIZED_AUTOS = YES_AGGRESSIVE;
				GCC_WARN_UNUSED_FUNCTION = YES;
				GCC_WARN_UNUSED_VARIABLE = YES;
				IPHONEOS_DEPLOYMENT_TARGET = 11.3;
				MTL_ENABLE_DEBUG_INFO = YES;
				ONLY_ACTIVE_ARCH = YES;
				SDKROOT = iphoneos;
				SWIFT_ACTIVE_COMPILATION_CONDITIONS = DEBUG;
				SWIFT_OPTIMIZATION_LEVEL = "-Onone";
			};
			name = Debug;
		};
		54F137EA1FE302CE00EA22AA /* Release */ = {
			isa = XCBuildConfiguration;
			buildSettings = {
				ALWAYS_SEARCH_USER_PATHS = NO;
				CLANG_ANALYZER_NONNULL = YES;
				CLANG_ANALYZER_NUMBER_OBJECT_CONVERSION = YES_AGGRESSIVE;
				CLANG_CXX_LANGUAGE_STANDARD = "gnu++14";
				CLANG_CXX_LIBRARY = "libc++";
				CLANG_ENABLE_MODULES = YES;
				CLANG_ENABLE_OBJC_ARC = YES;
				CLANG_WARN_BLOCK_CAPTURE_AUTORELEASING = YES;
				CLANG_WARN_BOOL_CONVERSION = YES;
				CLANG_WARN_COMMA = YES;
				CLANG_WARN_CONSTANT_CONVERSION = YES;
				CLANG_WARN_DIRECT_OBJC_ISA_USAGE = YES_ERROR;
				CLANG_WARN_DOCUMENTATION_COMMENTS = YES;
				CLANG_WARN_EMPTY_BODY = YES;
				CLANG_WARN_ENUM_CONVERSION = YES;
				CLANG_WARN_INFINITE_RECURSION = YES;
				CLANG_WARN_INT_CONVERSION = YES;
				CLANG_WARN_NON_LITERAL_NULL_CONVERSION = YES;
				CLANG_WARN_OBJC_LITERAL_CONVERSION = YES;
				CLANG_WARN_OBJC_ROOT_CLASS = YES_ERROR;
				CLANG_WARN_RANGE_LOOP_ANALYSIS = YES;
				CLANG_WARN_STRICT_PROTOTYPES = YES;
				CLANG_WARN_SUSPICIOUS_MOVE = YES;
				CLANG_WARN_UNGUARDED_AVAILABILITY = YES_AGGRESSIVE;
				CLANG_WARN_UNREACHABLE_CODE = YES;
				CLANG_WARN__DUPLICATE_METHOD_MATCH = YES;
				CODE_SIGN_IDENTITY = "iPhone Developer";
				COPY_PHASE_STRIP = NO;
				DEBUG_INFORMATION_FORMAT = "dwarf-with-dsym";
				ENABLE_NS_ASSERTIONS = NO;
				ENABLE_STRICT_OBJC_MSGSEND = YES;
				GCC_C_LANGUAGE_STANDARD = gnu11;
				GCC_NO_COMMON_BLOCKS = YES;
				GCC_WARN_64_TO_32_BIT_CONVERSION = YES;
				GCC_WARN_ABOUT_RETURN_TYPE = YES_ERROR;
				GCC_WARN_UNDECLARED_SELECTOR = YES;
				GCC_WARN_UNINITIALIZED_AUTOS = YES_AGGRESSIVE;
				GCC_WARN_UNUSED_FUNCTION = YES;
				GCC_WARN_UNUSED_VARIABLE = YES;
				IPHONEOS_DEPLOYMENT_TARGET = 11.3;
				MTL_ENABLE_DEBUG_INFO = NO;
				SDKROOT = iphoneos;
				SWIFT_OPTIMIZATION_LEVEL = "-Owholemodule";
				VALIDATE_PRODUCT = YES;
			};
			name = Release;
		};
		54F137EC1FE302CE00EA22AA /* Debug */ = {
			isa = XCBuildConfiguration;
			buildSettings = {
				ASSETCATALOG_COMPILER_APPICON_NAME = AppIcon;
				CODE_SIGN_STYLE = Automatic;
				DEVELOPMENT_TEAM = 86N2U73XRJ;
				INFOPLIST_FILE = "$(SRCROOT)/NYTimesBestSellerBooks/Info.plist";
				LD_RUNPATH_SEARCH_PATHS = "$(inherited) @executable_path/Frameworks";
				PRODUCT_BUNDLE_IDENTIFIER = "c4q.AC-iOS-Unit4-Week1-HW";
				PRODUCT_NAME = "$(TARGET_NAME)";
				SWIFT_VERSION = 4.0;
				TARGETED_DEVICE_FAMILY = "1,2";
			};
			name = Debug;
		};
		54F137ED1FE302CE00EA22AA /* Release */ = {
			isa = XCBuildConfiguration;
			buildSettings = {
				ASSETCATALOG_COMPILER_APPICON_NAME = AppIcon;
				CODE_SIGN_STYLE = Automatic;
				DEVELOPMENT_TEAM = 86N2U73XRJ;
				INFOPLIST_FILE = "$(SRCROOT)/NYTimesBestSellerBooks/Info.plist";
				LD_RUNPATH_SEARCH_PATHS = "$(inherited) @executable_path/Frameworks";
				PRODUCT_BUNDLE_IDENTIFIER = "c4q.AC-iOS-Unit4-Week1-HW";
				PRODUCT_NAME = "$(TARGET_NAME)";
				SWIFT_VERSION = 4.0;
				TARGETED_DEVICE_FAMILY = "1,2";
			};
			name = Release;
		};
		81D75C6320A0DA8200C94A8D /* Debug */ = {
			isa = XCBuildConfiguration;
			buildSettings = {
				CLANG_ENABLE_OBJC_WEAK = YES;
				CLANG_WARN_DEPRECATED_OBJC_IMPLEMENTATIONS = YES;
				CLANG_WARN_OBJC_IMPLICIT_RETAIN_SELF = YES;
				CODE_SIGN_STYLE = Automatic;
				DEVELOPMENT_TEAM = 86N2U73XRJ;
				INFOPLIST_FILE = NYTimesBestSellerBooksUITests/Info.plist;
				LD_RUNPATH_SEARCH_PATHS = "$(inherited) @executable_path/Frameworks @loader_path/Frameworks";
				PRODUCT_BUNDLE_IDENTIFIER = c4q.NYTimesBestSellerBooksUITests;
				PRODUCT_NAME = "$(TARGET_NAME)";
				SWIFT_VERSION = 4.0;
				TARGETED_DEVICE_FAMILY = "1,2";
				TEST_TARGET_NAME = NYTimesBestSellerBooks;
			};
			name = Debug;
		};
		81D75C6420A0DA8200C94A8D /* Release */ = {
			isa = XCBuildConfiguration;
			buildSettings = {
				CLANG_ENABLE_OBJC_WEAK = YES;
				CLANG_WARN_DEPRECATED_OBJC_IMPLEMENTATIONS = YES;
				CLANG_WARN_OBJC_IMPLICIT_RETAIN_SELF = YES;
				CODE_SIGN_STYLE = Automatic;
				DEVELOPMENT_TEAM = 86N2U73XRJ;
				INFOPLIST_FILE = NYTimesBestSellerBooksUITests/Info.plist;
				LD_RUNPATH_SEARCH_PATHS = "$(inherited) @executable_path/Frameworks @loader_path/Frameworks";
				PRODUCT_BUNDLE_IDENTIFIER = c4q.NYTimesBestSellerBooksUITests;
				PRODUCT_NAME = "$(TARGET_NAME)";
				SWIFT_VERSION = 4.0;
				TARGETED_DEVICE_FAMILY = "1,2";
				TEST_TARGET_NAME = NYTimesBestSellerBooks;
			};
			name = Release;
		};
		81D75C7120A0DAAA00C94A8D /* Debug */ = {
			isa = XCBuildConfiguration;
			buildSettings = {
				BUNDLE_LOADER = "$(TEST_HOST)";
				CLANG_ENABLE_OBJC_WEAK = YES;
				CLANG_WARN_DEPRECATED_OBJC_IMPLEMENTATIONS = YES;
				CLANG_WARN_OBJC_IMPLICIT_RETAIN_SELF = YES;
				CODE_SIGN_STYLE = Automatic;
				DEVELOPMENT_TEAM = 86N2U73XRJ;
				INFOPLIST_FILE = NYTimesBestSellerBooksTests/Info.plist;
				LD_RUNPATH_SEARCH_PATHS = "$(inherited) @executable_path/Frameworks @loader_path/Frameworks";
				PRODUCT_BUNDLE_IDENTIFIER = c4q.NYTimesBestSellerBooksTests;
				PRODUCT_NAME = "$(TARGET_NAME)";
				SWIFT_VERSION = 4.0;
				TARGETED_DEVICE_FAMILY = "1,2";
				TEST_HOST = "$(BUILT_PRODUCTS_DIR)/NYTimesBestSellerBooks.app/NYTimesBestSellerBooks";
			};
			name = Debug;
		};
		81D75C7220A0DAAA00C94A8D /* Release */ = {
			isa = XCBuildConfiguration;
			buildSettings = {
				BUNDLE_LOADER = "$(TEST_HOST)";
				CLANG_ENABLE_OBJC_WEAK = YES;
				CLANG_WARN_DEPRECATED_OBJC_IMPLEMENTATIONS = YES;
				CLANG_WARN_OBJC_IMPLICIT_RETAIN_SELF = YES;
				CODE_SIGN_STYLE = Automatic;
				DEVELOPMENT_TEAM = 86N2U73XRJ;
				INFOPLIST_FILE = NYTimesBestSellerBooksTests/Info.plist;
				LD_RUNPATH_SEARCH_PATHS = "$(inherited) @executable_path/Frameworks @loader_path/Frameworks";
				PRODUCT_BUNDLE_IDENTIFIER = c4q.NYTimesBestSellerBooksTests;
				PRODUCT_NAME = "$(TARGET_NAME)";
				SWIFT_VERSION = 4.0;
				TARGETED_DEVICE_FAMILY = "1,2";
				TEST_HOST = "$(BUILT_PRODUCTS_DIR)/NYTimesBestSellerBooks.app/NYTimesBestSellerBooks";
			};
			name = Release;
		};
/* End XCBuildConfiguration section */

/* Begin XCConfigurationList section */
		54F137D41FE302CD00EA22AA /* Build configuration list for PBXProject "NYTimesBestSellerBooks" */ = {
			isa = XCConfigurationList;
			buildConfigurations = (
				54F137E91FE302CE00EA22AA /* Debug */,
				54F137EA1FE302CE00EA22AA /* Release */,
			);
			defaultConfigurationIsVisible = 0;
			defaultConfigurationName = Release;
		};
		54F137EB1FE302CE00EA22AA /* Build configuration list for PBXNativeTarget "NYTimesBestSellerBooks" */ = {
			isa = XCConfigurationList;
			buildConfigurations = (
				54F137EC1FE302CE00EA22AA /* Debug */,
				54F137ED1FE302CE00EA22AA /* Release */,
			);
			defaultConfigurationIsVisible = 0;
			defaultConfigurationName = Release;
		};
		81D75C6220A0DA8200C94A8D /* Build configuration list for PBXNativeTarget "NYTimesBestSellerBooksUITests" */ = {
			isa = XCConfigurationList;
			buildConfigurations = (
				81D75C6320A0DA8200C94A8D /* Debug */,
				81D75C6420A0DA8200C94A8D /* Release */,
			);
			defaultConfigurationIsVisible = 0;
			defaultConfigurationName = Release;
		};
		81D75C7020A0DAAA00C94A8D /* Build configuration list for PBXNativeTarget "NYTimesBestSellerBooksTests" */ = {
			isa = XCConfigurationList;
			buildConfigurations = (
				81D75C7120A0DAAA00C94A8D /* Debug */,
				81D75C7220A0DAAA00C94A8D /* Release */,
			);
			defaultConfigurationIsVisible = 0;
			defaultConfigurationName = Release;
		};
/* End XCConfigurationList section */
	};
	rootObject = 54F137D11FE302CD00EA22AA /* Project object */;
}
